
Microsoft Visual Studio Solution File, Format Version 11.00
# Visual Studio 2010
Project("{159641D6-6404-4A2A-AE62-294DE0FE8301}") = "LMISPackages", "LMISPackages\LMISPackages.dtproj", "{FEAF8308-A7A0-41CB-8291-19CB37037FDD}"
EndProject
Global
	GlobalSection(SolutionConfigurationPlatforms) = preSolution
		Development|Default = Development|Default
	EndGlobalSection
	GlobalSection(ProjectConfigurationPlatforms) = postSolution
		{FEAF8308-A7A0-41CB-8291-19CB37037FDD}.Development|Default.ActiveCfg = Development
		{FEAF8308-A7A0-41CB-8291-19CB37037FDD}.Development|Default.Build.0 = Development
	EndGlobalSection
	GlobalSection(SolutionProperties) = preSolution
		HideSolutionNode = FALSE
	EndGlobalSection
EndGlobal
